# THIS IS AN AUTOGENERATED FILE. DO NOT EDIT THIS FILE DIRECTLY.
# yarn lockfile v1


"@wasdadeel/emitter@*", "@wasdadeel/emitter@file:/Users/bandrw/Projects/wasdadeel/packages/emitter":
  version "0.0.3"
  resolved "file:packages/emitter"

"@wasdadeel/state@file:/Users/bandrw/Projects/wasdadeel/packages/state":
  version "1.0.0"
  resolved "file:packages/state"
  dependencies:
    "@wasdadeel/emitter" "*"

typescript@^5:
  version "5.9.2"
  resolved "https://registry.npmjs.org/typescript/-/typescript-5.9.2.tgz"
  integrity sha512-CWBzXQrc/qOkhidw1OzBTQuYRbfyxDXJMVJ1XNwUHGROVmuaeiEm3OslpZ1RV96d7SKKjZKrSJu3+t/xlw3R9A==
